
Microsoft Visual Studio Solution File, Format Version 12.00
# Visual Studio Version 17
VisualStudioVersion = 17.5.33414.496
MinimumVisualStudioVersion = 10.0.40219.1
Project("{FAE04EC0-301F-11D3-BF4B-00C04F79EFBC}") = "LR_1_ХмОбч", "LR_1_ХмОбч\LR_1_ХмОбч.csproj", "{65B22120-2C76-4079-8FBE-353681A19C79}"
EndProject
Global
	GlobalSection(SolutionConfigurationPlatforms) = preSolution
		Debug|Any CPU = Debug|Any CPU
		Release|Any CPU = Release|Any CPU
	EndGlobalSection
	GlobalSection(ProjectConfigurationPlatforms) = postSolution
		{65B22120-2C76-4079-8FBE-353681A19C79}.Debug|Any CPU.ActiveCfg = Debug|Any CPU
		{65B22120-2C76-4079-8FBE-353681A19C79}.Debug|Any CPU.Build.0 = Debug|Any CPU
		{65B22120-2C76-4079-8FBE-353681A19C79}.Release|Any CPU.ActiveCfg = Release|Any CPU
		{65B22120-2C76-4079-8FBE-353681A19C79}.Release|Any CPU.Build.0 = Release|Any CPU
	EndGlobalSection
	GlobalSection(SolutionProperties) = preSolution
		HideSolutionNode = FALSE
	EndGlobalSection
	GlobalSection(ExtensibilityGlobals) = postSolution
		SolutionGuid = {CC74CCC3-6780-4AA6-A243-14D3DC2440E6}
	EndGlobalSection
EndGlobal
